// !$*UTF8*$!
{
	archiveVersion = 1;
	classes = {
	};
	objectVersion = 50;
	objects = {

/* Begin PBXBuildFile section */
		082069AF246943BC0099FD19 /* ToolbarItemIcon.pdf in Resources */ = {isa = PBXBuildFile; fileRef = 082069AD246943B00099FD19 /* ToolbarItemIcon.pdf */; };
		082069B1246989160099FD19 /* SidebarView.swift in Sources */ = {isa = PBXBuildFile; fileRef = 082069B0246989160099FD19 /* SidebarView.swift */; };
		082069B3246A5BDC0099FD19 /* SessionTabCellView.swift in Sources */ = {isa = PBXBuildFile; fileRef = 082069B2246A5BDC0099FD19 /* SessionTabCellView.swift */; };
		082069B4246A61760099FD19 /* Assets.xcassets in Resources */ = {isa = PBXBuildFile; fileRef = 08CDF3AB244476160015732A /* Assets.xcassets */; };
		082069B9246E55760099FD19 /* ExportViewController.swift in Sources */ = {isa = PBXBuildFile; fileRef = 082069B7246E55760099FD19 /* ExportViewController.swift */; };
		082069BA246E55760099FD19 /* ExportViewController.xib in Resources */ = {isa = PBXBuildFile; fileRef = 082069B8246E55760099FD19 /* ExportViewController.xib */; };
		08398822245FD842008F2656 /* Const.swift in Sources */ = {isa = PBXBuildFile; fileRef = 08398821245FD842008F2656 /* Const.swift */; };
		08398823245FD842008F2656 /* Const.swift in Sources */ = {isa = PBXBuildFile; fileRef = 08398821245FD842008F2656 /* Const.swift */; };
		0839884724600D2E008F2656 /* CloudKit.framework in Frameworks */ = {isa = PBXBuildFile; fileRef = 085A91D22457DC870071B904 /* CloudKit.framework */; };
		0851B309247BCC1C0047CB83 /* Sequence+Ext.swift in Sources */ = {isa = PBXBuildFile; fileRef = 0851B308247BCC1C0047CB83 /* Sequence+Ext.swift */; };
		0851B30A247BCC1C0047CB83 /* Sequence+Ext.swift in Sources */ = {isa = PBXBuildFile; fileRef = 0851B308247BCC1C0047CB83 /* Sequence+Ext.swift */; };
		085A91C62456E0E10071B904 /* DetailViewController.swift in Sources */ = {isa = PBXBuildFile; fileRef = 085A91C42456E0E10071B904 /* DetailViewController.swift */; };
		085A91C72456E0E10071B904 /* DetailViewController.xib in Resources */ = {isa = PBXBuildFile; fileRef = 085A91C52456E0E10071B904 /* DetailViewController.xib */; };
		085A91D12457420F0071B904 /* TabCellView.swift in Sources */ = {isa = PBXBuildFile; fileRef = 085A91D02457420F0071B904 /* TabCellView.swift */; };
		085A91D32457DC870071B904 /* CloudKit.framework in Frameworks */ = {isa = PBXBuildFile; fileRef = 085A91D22457DC870071B904 /* CloudKit.framework */; };
		085A91D62459DC890071B904 /* Error+CloudKit.swift in Sources */ = {isa = PBXBuildFile; fileRef = 085A91D52459DC890071B904 /* Error+CloudKit.swift */; };
		085A91D72459DC8F0071B904 /* Error+CloudKit.swift in Sources */ = {isa = PBXBuildFile; fileRef = 085A91D52459DC890071B904 /* Error+CloudKit.swift */; };
		085A91DD2459DD790071B904 /* Tab.swift in Sources */ = {isa = PBXBuildFile; fileRef = 085A91DC2459DD790071B904 /* Tab.swift */; };
		085A91DE2459DD790071B904 /* Tab.swift in Sources */ = {isa = PBXBuildFile; fileRef = 085A91DC2459DD790071B904 /* Tab.swift */; };
		088BE7A32475376100CBF97C /* SearchCellView.swift in Sources */ = {isa = PBXBuildFile; fileRef = 088BE7A22475376100CBF97C /* SearchCellView.swift */; };
		089AE1AD2472735E000D1437 /* ImportViewController.swift in Sources */ = {isa = PBXBuildFile; fileRef = 089AE1AB2472735E000D1437 /* ImportViewController.swift */; };
		089AE1AE2472735E000D1437 /* ImportViewController.xib in Resources */ = {isa = PBXBuildFile; fileRef = 089AE1AC2472735E000D1437 /* ImportViewController.xib */; };
		089AE1B02472FFFF000D1437 /* Util.swift in Sources */ = {isa = PBXBuildFile; fileRef = 089AE1AF2472FFFF000D1437 /* Util.swift */; };
		089AE1B12472FFFF000D1437 /* Util.swift in Sources */ = {isa = PBXBuildFile; fileRef = 089AE1AF2472FFFF000D1437 /* Util.swift */; };
		089AE1B3247304C1000D1437 /* Date+Ext.swift in Sources */ = {isa = PBXBuildFile; fileRef = 089AE1B2247304C1000D1437 /* Date+Ext.swift */; };
		089AE1B4247304C1000D1437 /* Date+Ext.swift in Sources */ = {isa = PBXBuildFile; fileRef = 089AE1B2247304C1000D1437 /* Date+Ext.swift */; };
		089AE1B724730EFC000D1437 /* ImportExportData.swift in Sources */ = {isa = PBXBuildFile; fileRef = 089AE1B624730EFC000D1437 /* ImportExportData.swift */; };
		089AE1B824730EFC000D1437 /* ImportExportData.swift in Sources */ = {isa = PBXBuildFile; fileRef = 089AE1B624730EFC000D1437 /* ImportExportData.swift */; };
		089AE1BA247320BB000D1437 /* ExportCellView.swift in Sources */ = {isa = PBXBuildFile; fileRef = 089AE1B9247320BB000D1437 /* ExportCellView.swift */; };
		089D91FA24802FFA0001D6F2 /* LocalStorage.swift in Sources */ = {isa = PBXBuildFile; fileRef = 089D91F924802FF90001D6F2 /* LocalStorage.swift */; };
		089D91FB24802FFA0001D6F2 /* LocalStorage.swift in Sources */ = {isa = PBXBuildFile; fileRef = 089D91F924802FF90001D6F2 /* LocalStorage.swift */; };
		08CDF3A3244476140015732A /* SessionBuddy.entitlements in Resources */ = {isa = PBXBuildFile; fileRef = 08CDF3A2244476140015732A /* SessionBuddy.entitlements */; };
		08CDF3A5244476140015732A /* AppDelegate.swift in Sources */ = {isa = PBXBuildFile; fileRef = 08CDF3A4244476140015732A /* AppDelegate.swift */; };
		08CDF3A8244476140015732A /* Main.storyboard in Resources */ = {isa = PBXBuildFile; fileRef = 08CDF3A6244476140015732A /* Main.storyboard */; };
		08CDF3AA244476140015732A /* ViewController.swift in Sources */ = {isa = PBXBuildFile; fileRef = 08CDF3A9244476140015732A /* ViewController.swift */; };
		08CDF3AC244476160015732A /* Assets.xcassets in Resources */ = {isa = PBXBuildFile; fileRef = 08CDF3AB244476160015732A /* Assets.xcassets */; };
		08CDF3B3244476160015732A /* Session Buddy Extension.appex in Embed App Extensions */ = {isa = PBXBuildFile; fileRef = 08CDF3B2244476160015732A /* Session Buddy Extension.appex */; settings = {ATTRIBUTES = (RemoveHeadersOnCopy, ); }; };
		08CDF3B8244476160015732A /* Cocoa.framework in Frameworks */ = {isa = PBXBuildFile; fileRef = 08CDF3B7244476160015732A /* Cocoa.framework */; };
		08CDF3BB244476160015732A /* SafariExtensionHandler.swift in Sources */ = {isa = PBXBuildFile; fileRef = 08CDF3BA244476160015732A /* SafariExtensionHandler.swift */; };
		08CDF3BD244476160015732A /* SafariExtensionViewController.swift in Sources */ = {isa = PBXBuildFile; fileRef = 08CDF3BC244476160015732A /* SafariExtensionViewController.swift */; };
		08CDF3C0244476160015732A /* SafariExtensionViewController.xib in Resources */ = {isa = PBXBuildFile; fileRef = 08CDF3BE244476160015732A /* SafariExtensionViewController.xib */; };
		08CDF3C3244476160015732A /* script.js in Resources */ = {isa = PBXBuildFile; fileRef = 08CDF3C2244476160015732A /* script.js */; };
		08CDF3D22444B7790015732A /* Session.swift in Sources */ = {isa = PBXBuildFile; fileRef = 08CDF3D12444B7780015732A /* Session.swift */; };
		08CDF3D32444B7790015732A /* Session.swift in Sources */ = {isa = PBXBuildFile; fileRef = 08CDF3D12444B7780015732A /* Session.swift */; };
		08CDF3D52444D1C70015732A /* SessionCellView.swift in Sources */ = {isa = PBXBuildFile; fileRef = 08CDF3D42444D1C70015732A /* SessionCellView.swift */; };
/* End PBXBuildFile section */

/* Begin PBXContainerItemProxy section */
		08CDF3B4244476160015732A /* PBXContainerItemProxy */ = {
			isa = PBXContainerItemProxy;
			containerPortal = 08CDF397244476140015732A /* Project object */;
			proxyType = 1;
			remoteGlobalIDString = 08CDF3B1244476160015732A;
			remoteInfo = "SessionRestore Extension";
		};
/* End PBXContainerItemProxy section */

/* Begin PBXCopyFilesBuildPhase section */
		08CDF3CC244476160015732A /* Embed App Extensions */ = {
			isa = PBXCopyFilesBuildPhase;
			buildActionMask = 2147483647;
			dstPath = "";
			dstSubfolderSpec = 13;
			files = (
				08CDF3B3244476160015732A /* Session Buddy Extension.appex in Embed App Extensions */,
			);
			name = "Embed App Extensions";
			runOnlyForDeploymentPostprocessing = 0;
		};
/* End PBXCopyFilesBuildPhase section */

/* Begin PBXFileReference section */
		082069AD246943B00099FD19 /* ToolbarItemIcon.pdf */ = {isa = PBXFileReference; lastKnownFileType = image.pdf; path = ToolbarItemIcon.pdf; sourceTree = "<group>"; };
		082069B0246989160099FD19 /* SidebarView.swift */ = {isa = PBXFileReference; lastKnownFileType = sourcecode.swift; path = SidebarView.swift; sourceTree = "<group>"; };
		082069B2246A5BDC0099FD19 /* SessionTabCellView.swift */ = {isa = PBXFileReference; lastKnownFileType = sourcecode.swift; path = SessionTabCellView.swift; sourceTree = "<group>"; };
		082069B7246E55760099FD19 /* ExportViewController.swift */ = {isa = PBXFileReference; lastKnownFileType = sourcecode.swift; path = ExportViewController.swift; sourceTree = "<group>"; };
		082069B8246E55760099FD19 /* ExportViewController.xib */ = {isa = PBXFileReference; lastKnownFileType = file.xib; path = ExportViewController.xib; sourceTree = "<group>"; };
		08398821245FD842008F2656 /* Const.swift */ = {isa = PBXFileReference; lastKnownFileType = sourcecode.swift; path = Const.swift; sourceTree = "<group>"; };
		0851B308247BCC1C0047CB83 /* Sequence+Ext.swift */ = {isa = PBXFileReference; lastKnownFileType = sourcecode.swift; path = "Sequence+Ext.swift"; sourceTree = "<group>"; };
		085A91C42456E0E10071B904 /* DetailViewController.swift */ = {isa = PBXFileReference; lastKnownFileType = sourcecode.swift; path = DetailViewController.swift; sourceTree = "<group>"; };
		085A91C52456E0E10071B904 /* DetailViewController.xib */ = {isa = PBXFileReference; lastKnownFileType = file.xib; path = DetailViewController.xib; sourceTree = "<group>"; };
		085A91D02457420F0071B904 /* TabCellView.swift */ = {isa = PBXFileReference; lastKnownFileType = sourcecode.swift; path = TabCellView.swift; sourceTree = "<group>"; };
		085A91D22457DC870071B904 /* CloudKit.framework */ = {isa = PBXFileReference; lastKnownFileType = wrapper.framework; name = CloudKit.framework; path = System/Library/Frameworks/CloudKit.framework; sourceTree = SDKROOT; };
		085A91D52459DC890071B904 /* Error+CloudKit.swift */ = {isa = PBXFileReference; lastKnownFileType = sourcecode.swift; path = "Error+CloudKit.swift"; sourceTree = "<group>"; };
		085A91DC2459DD790071B904 /* Tab.swift */ = {isa = PBXFileReference; lastKnownFileType = sourcecode.swift; path = Tab.swift; sourceTree = "<group>"; };
		088BE7A22475376100CBF97C /* SearchCellView.swift */ = {isa = PBXFileReference; lastKnownFileType = sourcecode.swift; path = SearchCellView.swift; sourceTree = "<group>"; };
		089AE1AB2472735E000D1437 /* ImportViewController.swift */ = {isa = PBXFileReference; lastKnownFileType = sourcecode.swift; path = ImportViewController.swift; sourceTree = "<group>"; };
		089AE1AC2472735E000D1437 /* ImportViewController.xib */ = {isa = PBXFileReference; lastKnownFileType = file.xib; path = ImportViewController.xib; sourceTree = "<group>"; };
		089AE1AF2472FFFF000D1437 /* Util.swift */ = {isa = PBXFileReference; lastKnownFileType = sourcecode.swift; path = Util.swift; sourceTree = "<group>"; };
		089AE1B2247304C1000D1437 /* Date+Ext.swift */ = {isa = PBXFileReference; lastKnownFileType = sourcecode.swift; path = "Date+Ext.swift"; sourceTree = "<group>"; };
		089AE1B624730EFC000D1437 /* ImportExportData.swift */ = {isa = PBXFileReference; lastKnownFileType = sourcecode.swift; path = ImportExportData.swift; sourceTree = "<group>"; };
		089AE1B9247320BB000D1437 /* ExportCellView.swift */ = {isa = PBXFileReference; lastKnownFileType = sourcecode.swift; path = ExportCellView.swift; sourceTree = "<group>"; };
		089D91F924802FF90001D6F2 /* LocalStorage.swift */ = {isa = PBXFileReference; fileEncoding = 4; lastKnownFileType = sourcecode.swift; name = LocalStorage.swift; path = Storage/LocalStorage.swift; sourceTree = "<group>"; };
		08CDF39F244476140015732A /* Session Buddy.app */ = {isa = PBXFileReference; explicitFileType = wrapper.application; includeInIndex = 0; path = "Session Buddy.app"; sourceTree = BUILT_PRODUCTS_DIR; };
		08CDF3A2244476140015732A /* SessionBuddy.entitlements */ = {isa = PBXFileReference; lastKnownFileType = text.plist.entitlements; path = SessionBuddy.entitlements; sourceTree = "<group>"; };
		08CDF3A4244476140015732A /* AppDelegate.swift */ = {isa = PBXFileReference; lastKnownFileType = sourcecode.swift; path = AppDelegate.swift; sourceTree = "<group>"; };
		08CDF3A7244476140015732A /* Base */ = {isa = PBXFileReference; lastKnownFileType = file.storyboard; name = Base; path = Base.lproj/Main.storyboard; sourceTree = "<group>"; };
		08CDF3A9244476140015732A /* ViewController.swift */ = {isa = PBXFileReference; lastKnownFileType = sourcecode.swift; path = ViewController.swift; sourceTree = "<group>"; };
		08CDF3AB244476160015732A /* Assets.xcassets */ = {isa = PBXFileReference; lastKnownFileType = folder.assetcatalog; path = Assets.xcassets; sourceTree = "<group>"; };
		08CDF3AD244476160015732A /* Info.plist */ = {isa = PBXFileReference; lastKnownFileType = text.plist.xml; path = Info.plist; sourceTree = "<group>"; };
		08CDF3B2244476160015732A /* Session Buddy Extension.appex */ = {isa = PBXFileReference; explicitFileType = "wrapper.app-extension"; includeInIndex = 0; path = "Session Buddy Extension.appex"; sourceTree = BUILT_PRODUCTS_DIR; };
		08CDF3B7244476160015732A /* Cocoa.framework */ = {isa = PBXFileReference; lastKnownFileType = wrapper.framework; name = Cocoa.framework; path = System/Library/Frameworks/Cocoa.framework; sourceTree = SDKROOT; };
		08CDF3BA244476160015732A /* SafariExtensionHandler.swift */ = {isa = PBXFileReference; lastKnownFileType = sourcecode.swift; path = SafariExtensionHandler.swift; sourceTree = "<group>"; };
		08CDF3BC244476160015732A /* SafariExtensionViewController.swift */ = {isa = PBXFileReference; lastKnownFileType = sourcecode.swift; path = SafariExtensionViewController.swift; sourceTree = "<group>"; };
		08CDF3BF244476160015732A /* Base */ = {isa = PBXFileReference; lastKnownFileType = file.xib; name = Base; path = Base.lproj/SafariExtensionViewController.xib; sourceTree = "<group>"; };
		08CDF3C1244476160015732A /* Info.plist */ = {isa = PBXFileReference; lastKnownFileType = text.plist.xml; path = Info.plist; sourceTree = "<group>"; };
		08CDF3C2244476160015732A /* script.js */ = {isa = PBXFileReference; lastKnownFileType = sourcecode.javascript; path = script.js; sourceTree = "<group>"; };
		08CDF3C6244476160015732A /* SessionBuddy_Extension.entitlements */ = {isa = PBXFileReference; lastKnownFileType = text.plist.entitlements; path = SessionBuddy_Extension.entitlements; sourceTree = "<group>"; };
		08CDF3D12444B7780015732A /* Session.swift */ = {isa = PBXFileReference; lastKnownFileType = sourcecode.swift; path = Session.swift; sourceTree = "<group>"; };
		08CDF3D42444D1C70015732A /* SessionCellView.swift */ = {isa = PBXFileReference; lastKnownFileType = sourcecode.swift; path = SessionCellView.swift; sourceTree = "<group>"; };
/* End PBXFileReference section */

/* Begin PBXFrameworksBuildPhase section */
		08CDF39C244476140015732A /* Frameworks */ = {
			isa = PBXFrameworksBuildPhase;
			buildActionMask = 2147483647;
			files = (
				0839884724600D2E008F2656 /* CloudKit.framework in Frameworks */,
			);
			runOnlyForDeploymentPostprocessing = 0;
		};
		08CDF3AF244476160015732A /* Frameworks */ = {
			isa = PBXFrameworksBuildPhase;
			buildActionMask = 2147483647;
			files = (
				08CDF3B8244476160015732A /* Cocoa.framework in Frameworks */,
				085A91D32457DC870071B904 /* CloudKit.framework in Frameworks */,
			);
			runOnlyForDeploymentPostprocessing = 0;
		};
/* End PBXFrameworksBuildPhase section */

/* Begin PBXGroup section */
		082069B5246E55550099FD19 /* Export */ = {
			isa = PBXGroup;
			children = (
				082069B7246E55760099FD19 /* ExportViewController.swift */,
				082069B8246E55760099FD19 /* ExportViewController.xib */,
				089AE1B9247320BB000D1437 /* ExportCellView.swift */,
			);
			path = Export;
			sourceTree = "<group>";
		};
		082069B6246E555B0099FD19 /* Import */ = {
			isa = PBXGroup;
			children = (
				089AE1AB2472735E000D1437 /* ImportViewController.swift */,
				089AE1AC2472735E000D1437 /* ImportViewController.xib */,
			);
			path = Import;
			sourceTree = "<group>";
		};
		08398820245FD833008F2656 /* Utils */ = {
			isa = PBXGroup;
			children = (
				08398821245FD842008F2656 /* Const.swift */,
				089AE1AF2472FFFF000D1437 /* Util.swift */,
			);
			path = Utils;
			sourceTree = "<group>";
		};
		085A91CB24573E190071B904 /* SessionListView */ = {
			isa = PBXGroup;
			children = (
				08CDF3D42444D1C70015732A /* SessionCellView.swift */,
				08CDF3BC244476160015732A /* SafariExtensionViewController.swift */,
				08CDF3BE244476160015732A /* SafariExtensionViewController.xib */,
				082069B2246A5BDC0099FD19 /* SessionTabCellView.swift */,
				088BE7A22475376100CBF97C /* SearchCellView.swift */,
			);
			path = SessionListView;
			sourceTree = "<group>";
		};
		085A91CD24573E400071B904 /* DetailView */ = {
			isa = PBXGroup;
			children = (
				085A91C42456E0E10071B904 /* DetailViewController.swift */,
				085A91C52456E0E10071B904 /* DetailViewController.xib */,
				085A91D02457420F0071B904 /* TabCellView.swift */,
			);
			path = DetailView;
			sourceTree = "<group>";
		};
		085A91CF24573E590071B904 /* Views */ = {
			isa = PBXGroup;
			children = (
				082069B6246E555B0099FD19 /* Import */,
				082069B5246E55550099FD19 /* Export */,
				085A91CB24573E190071B904 /* SessionListView */,
				085A91CD24573E400071B904 /* DetailView */,
			);
			path = Views;
			sourceTree = "<group>";
		};
		085A91D42459DC6A0071B904 /* Extensions */ = {
			isa = PBXGroup;
			children = (
				085A91D52459DC890071B904 /* Error+CloudKit.swift */,
				089AE1B2247304C1000D1437 /* Date+Ext.swift */,
				0851B308247BCC1C0047CB83 /* Sequence+Ext.swift */,
			);
			path = Extensions;
			sourceTree = "<group>";
		};
		085A91D82459DCB00071B904 /* Models */ = {
			isa = PBXGroup;
			children = (
				089AE1B524730EF0000D1437 /* ImportExport */,
				085A91DB2459DD5F0071B904 /* Tab */,
				085A91DA2459DD590071B904 /* Session */,
			);
			path = Models;
			sourceTree = "<group>";
		};
		085A91DA2459DD590071B904 /* Session */ = {
			isa = PBXGroup;
			children = (
				08CDF3D12444B7780015732A /* Session.swift */,
			);
			path = Session;
			sourceTree = "<group>";
		};
		085A91DB2459DD5F0071B904 /* Tab */ = {
			isa = PBXGroup;
			children = (
				085A91DC2459DD790071B904 /* Tab.swift */,
			);
			path = Tab;
			sourceTree = "<group>";
		};
		089AE1B524730EF0000D1437 /* ImportExport */ = {
			isa = PBXGroup;
			children = (
				089AE1B624730EFC000D1437 /* ImportExportData.swift */,
			);
			path = ImportExport;
			sourceTree = "<group>";
		};
		08CDF396244476140015732A = {
			isa = PBXGroup;
			children = (
				08CDF3D02444B75C0015732A /* Share */,
				08CDF3A1244476140015732A /* SessionBuddy */,
				08CDF3B9244476160015732A /* SessionBuddy Extension */,
				08CDF3B6244476160015732A /* Frameworks */,
				08CDF3A0244476140015732A /* Products */,
			);
			sourceTree = "<group>";
		};
		08CDF3A0244476140015732A /* Products */ = {
			isa = PBXGroup;
			children = (
				08CDF39F244476140015732A /* Session Buddy.app */,
				08CDF3B2244476160015732A /* Session Buddy Extension.appex */,
			);
			name = Products;
			sourceTree = "<group>";
		};
		08CDF3A1244476140015732A /* SessionBuddy */ = {
			isa = PBXGroup;
			children = (
				08CDF3A2244476140015732A /* SessionBuddy.entitlements */,
				08CDF3A4244476140015732A /* AppDelegate.swift */,
				08CDF3A6244476140015732A /* Main.storyboard */,
				08CDF3A9244476140015732A /* ViewController.swift */,
				08CDF3AB244476160015732A /* Assets.xcassets */,
				08CDF3AD244476160015732A /* Info.plist */,
			);
			path = SessionBuddy;
			sourceTree = "<group>";
		};
		08CDF3B6244476160015732A /* Frameworks */ = {
			isa = PBXGroup;
			children = (
				085A91D22457DC870071B904 /* CloudKit.framework */,
				08CDF3B7244476160015732A /* Cocoa.framework */,
			);
			name = Frameworks;
			sourceTree = "<group>";
		};
		08CDF3B9244476160015732A /* SessionBuddy Extension */ = {
			isa = PBXGroup;
			children = (
				08CDF3BA244476160015732A /* SafariExtensionHandler.swift */,
				085A91CF24573E590071B904 /* Views */,
				08CDF3C1244476160015732A /* Info.plist */,
				08CDF3C2244476160015732A /* script.js */,
				082069AD246943B00099FD19 /* ToolbarItemIcon.pdf */,
				08CDF3C6244476160015732A /* SessionBuddy_Extension.entitlements */,
				082069B0246989160099FD19 /* SidebarView.swift */,
			);
			path = "SessionBuddy Extension";
			sourceTree = "<group>";
		};
		08CDF3D02444B75C0015732A /* Share */ = {
			isa = PBXGroup;
			children = (
				089D91F924802FF90001D6F2 /* LocalStorage.swift */,
				08398820245FD833008F2656 /* Utils */,
				085A91D82459DCB00071B904 /* Models */,
				085A91D42459DC6A0071B904 /* Extensions */,
			);
			path = Share;
			sourceTree = "<group>";
		};
/* End PBXGroup section */

/* Begin PBXNativeTarget section */
		08CDF39E244476140015732A /* Session Buddy */ = {
			isa = PBXNativeTarget;
			buildConfigurationList = 08CDF3CD244476160015732A /* Build configuration list for PBXNativeTarget "Session Buddy" */;
			buildPhases = (
				08CDF39B244476140015732A /* Sources */,
				08CDF39C244476140015732A /* Frameworks */,
				08CDF39D244476140015732A /* Resources */,
				08CDF3CC244476160015732A /* Embed App Extensions */,
			);
			buildRules = (
			);
			dependencies = (
				08CDF3B5244476160015732A /* PBXTargetDependency */,
			);
			name = "Session Buddy";
			productName = SessionRestore;
			productReference = 08CDF39F244476140015732A /* Session Buddy.app */;
			productType = "com.apple.product-type.application";
		};
		08CDF3B1244476160015732A /* Session Buddy Extension */ = {
			isa = PBXNativeTarget;
			buildConfigurationList = 08CDF3C9244476160015732A /* Build configuration list for PBXNativeTarget "Session Buddy Extension" */;
			buildPhases = (
				08CDF3AE244476160015732A /* Sources */,
				08CDF3AF244476160015732A /* Frameworks */,
				08CDF3B0244476160015732A /* Resources */,
			);
			buildRules = (
			);
			dependencies = (
			);
			name = "Session Buddy Extension";
			productName = "SessionRestore Extension";
			productReference = 08CDF3B2244476160015732A /* Session Buddy Extension.appex */;
			productType = "com.apple.product-type.app-extension";
		};
/* End PBXNativeTarget section */

/* Begin PBXProject section */
		08CDF397244476140015732A /* Project object */ = {
			isa = PBXProject;
			attributes = {
				LastSwiftUpdateCheck = 1140;
				LastUpgradeCheck = 1140;
				ORGANIZATIONNAME = "Dwarves Foundation";
				TargetAttributes = {
					08CDF39E244476140015732A = {
						CreatedOnToolsVersion = 11.4;
					};
					08CDF3B1244476160015732A = {
						CreatedOnToolsVersion = 11.4;
					};
				};
			};
			buildConfigurationList = 08CDF39A244476140015732A /* Build configuration list for PBXProject "SessionBuddy" */;
			compatibilityVersion = "Xcode 9.3";
			developmentRegion = en;
			hasScannedForEncodings = 0;
			knownRegions = (
				en,
				Base,
			);
			mainGroup = 08CDF396244476140015732A;
			productRefGroup = 08CDF3A0244476140015732A /* Products */;
			projectDirPath = "";
			projectRoot = "";
			targets = (
				08CDF39E244476140015732A /* Session Buddy */,
				08CDF3B1244476160015732A /* Session Buddy Extension */,
			);
		};
/* End PBXProject section */

/* Begin PBXResourcesBuildPhase section */
		08CDF39D244476140015732A /* Resources */ = {
			isa = PBXResourcesBuildPhase;
			buildActionMask = 2147483647;
			files = (
				08CDF3A3244476140015732A /* SessionBuddy.entitlements in Resources */,
				08CDF3AC244476160015732A /* Assets.xcassets in Resources */,
				08CDF3A8244476140015732A /* Main.storyboard in Resources */,
			);
			runOnlyForDeploymentPostprocessing = 0;
		};
		08CDF3B0244476160015732A /* Resources */ = {
			isa = PBXResourcesBuildPhase;
			buildActionMask = 2147483647;
			files = (
				082069BA246E55760099FD19 /* ExportViewController.xib in Resources */,
				089AE1AE2472735E000D1437 /* ImportViewController.xib in Resources */,
				082069AF246943BC0099FD19 /* ToolbarItemIcon.pdf in Resources */,
				08CDF3C0244476160015732A /* SafariExtensionViewController.xib in Resources */,
				08CDF3C3244476160015732A /* script.js in Resources */,
				085A91C72456E0E10071B904 /* DetailViewController.xib in Resources */,
				082069B4246A61760099FD19 /* Assets.xcassets in Resources */,
			);
			runOnlyForDeploymentPostprocessing = 0;
		};
/* End PBXResourcesBuildPhase section */

/* Begin PBXSourcesBuildPhase section */
		08CDF39B244476140015732A /* Sources */ = {
			isa = PBXSourcesBuildPhase;
			buildActionMask = 2147483647;
			files = (
				089D91FA24802FFA0001D6F2 /* LocalStorage.swift in Sources */,
				08CDF3AA244476140015732A /* ViewController.swift in Sources */,
				08CDF3D22444B7790015732A /* Session.swift in Sources */,
				085A91DD2459DD790071B904 /* Tab.swift in Sources */,
				089AE1B724730EFC000D1437 /* ImportExportData.swift in Sources */,
				089AE1B3247304C1000D1437 /* Date+Ext.swift in Sources */,
				085A91D72459DC8F0071B904 /* Error+CloudKit.swift in Sources */,
				089AE1B02472FFFF000D1437 /* Util.swift in Sources */,
				08CDF3A5244476140015732A /* AppDelegate.swift in Sources */,
				08398822245FD842008F2656 /* Const.swift in Sources */,
				0851B309247BCC1C0047CB83 /* Sequence+Ext.swift in Sources */,
			);
			runOnlyForDeploymentPostprocessing = 0;
		};
		08CDF3AE244476160015732A /* Sources */ = {
			isa = PBXSourcesBuildPhase;
			buildActionMask = 2147483647;
			files = (
				088BE7A32475376100CBF97C /* SearchCellView.swift in Sources */,
				089D91FB24802FFA0001D6F2 /* LocalStorage.swift in Sources */,
				082069B1246989160099FD19 /* SidebarView.swift in Sources */,
				0851B30A247BCC1C0047CB83 /* Sequence+Ext.swift in Sources */,
				082069B9246E55760099FD19 /* ExportViewController.swift in Sources */,
				085A91D12457420F0071B904 /* TabCellView.swift in Sources */,
				089AE1B12472FFFF000D1437 /* Util.swift in Sources */,
				08CDF3BD244476160015732A /* SafariExtensionViewController.swift in Sources */,
				08CDF3D32444B7790015732A /* Session.swift in Sources */,
				089AE1AD2472735E000D1437 /* ImportViewController.swift in Sources */,
				085A91D62459DC890071B904 /* Error+CloudKit.swift in Sources */,
				08CDF3BB244476160015732A /* SafariExtensionHandler.swift in Sources */,
				085A91C62456E0E10071B904 /* DetailViewController.swift in Sources */,
				089AE1B824730EFC000D1437 /* ImportExportData.swift in Sources */,
				085A91DE2459DD790071B904 /* Tab.swift in Sources */,
				08CDF3D52444D1C70015732A /* SessionCellView.swift in Sources */,
				082069B3246A5BDC0099FD19 /* SessionTabCellView.swift in Sources */,
				089AE1B4247304C1000D1437 /* Date+Ext.swift in Sources */,
				08398823245FD842008F2656 /* Const.swift in Sources */,
				089AE1BA247320BB000D1437 /* ExportCellView.swift in Sources */,
			);
			runOnlyForDeploymentPostprocessing = 0;
		};
/* End PBXSourcesBuildPhase section */

/* Begin PBXTargetDependency section */
		08CDF3B5244476160015732A /* PBXTargetDependency */ = {
			isa = PBXTargetDependency;
			target = 08CDF3B1244476160015732A /* Session Buddy Extension */;
			targetProxy = 08CDF3B4244476160015732A /* PBXContainerItemProxy */;
		};
/* End PBXTargetDependency section */

/* Begin PBXVariantGroup section */
		08CDF3A6244476140015732A /* Main.storyboard */ = {
			isa = PBXVariantGroup;
			children = (
				08CDF3A7244476140015732A /* Base */,
			);
			name = Main.storyboard;
			sourceTree = "<group>";
		};
		08CDF3BE244476160015732A /* SafariExtensionViewController.xib */ = {
			isa = PBXVariantGroup;
			children = (
				08CDF3BF244476160015732A /* Base */,
			);
			name = SafariExtensionViewController.xib;
			sourceTree = "<group>";
		};
/* End PBXVariantGroup section */

/* Begin XCBuildConfiguration section */
		08CDF3C7244476160015732A /* Debug */ = {
			isa = XCBuildConfiguration;
			buildSettings = {
				ALWAYS_SEARCH_USER_PATHS = NO;
				CLANG_ANALYZER_NONNULL = YES;
				CLANG_ANALYZER_NUMBER_OBJECT_CONVERSION = YES_AGGRESSIVE;
				CLANG_CXX_LANGUAGE_STANDARD = "gnu++14";
				CLANG_CXX_LIBRARY = "libc++";
				CLANG_ENABLE_MODULES = YES;
				CLANG_ENABLE_OBJC_ARC = YES;
				CLANG_ENABLE_OBJC_WEAK = YES;
				CLANG_WARN_BLOCK_CAPTURE_AUTORELEASING = YES;
				CLANG_WARN_BOOL_CONVERSION = YES;
				CLANG_WARN_COMMA = YES;
				CLANG_WARN_CONSTANT_CONVERSION = YES;
				CLANG_WARN_DEPRECATED_OBJC_IMPLEMENTATIONS = YES;
				CLANG_WARN_DIRECT_OBJC_ISA_USAGE = YES_ERROR;
				CLANG_WARN_DOCUMENTATION_COMMENTS = YES;
				CLANG_WARN_EMPTY_BODY = YES;
				CLANG_WARN_ENUM_CONVERSION = YES;
				CLANG_WARN_INFINITE_RECURSION = YES;
				CLANG_WARN_INT_CONVERSION = YES;
				CLANG_WARN_NON_LITERAL_NULL_CONVERSION = YES;
				CLANG_WARN_OBJC_IMPLICIT_RETAIN_SELF = YES;
				CLANG_WARN_OBJC_LITERAL_CONVERSION = YES;
				CLANG_WARN_OBJC_ROOT_CLASS = YES_ERROR;
				CLANG_WARN_RANGE_LOOP_ANALYSIS = YES;
				CLANG_WARN_STRICT_PROTOTYPES = YES;
				CLANG_WARN_SUSPICIOUS_MOVE = YES;
				CLANG_WARN_UNGUARDED_AVAILABILITY = YES_AGGRESSIVE;
				CLANG_WARN_UNREACHABLE_CODE = YES;
				CLANG_WARN__DUPLICATE_METHOD_MATCH = YES;
				COPY_PHASE_STRIP = NO;
				DEBUG_INFORMATION_FORMAT = dwarf;
				ENABLE_STRICT_OBJC_MSGSEND = YES;
				ENABLE_TESTABILITY = YES;
				GCC_C_LANGUAGE_STANDARD = gnu11;
				GCC_DYNAMIC_NO_PIC = NO;
				GCC_NO_COMMON_BLOCKS = YES;
				GCC_OPTIMIZATION_LEVEL = 0;
				GCC_PREPROCESSOR_DEFINITIONS = (
					"DEBUG=1",
					"$(inherited)",
				);
				GCC_WARN_64_TO_32_BIT_CONVERSION = YES;
				GCC_WARN_ABOUT_RETURN_TYPE = YES_ERROR;
				GCC_WARN_UNDECLARED_SELECTOR = YES;
				GCC_WARN_UNINITIALIZED_AUTOS = YES_AGGRESSIVE;
				GCC_WARN_UNUSED_FUNCTION = YES;
				GCC_WARN_UNUSED_VARIABLE = YES;
				MACOSX_DEPLOYMENT_TARGET = 10.12.2;
				MTL_ENABLE_DEBUG_INFO = INCLUDE_SOURCE;
				MTL_FAST_MATH = YES;
				ONLY_ACTIVE_ARCH = YES;
				SDKROOT = macosx;
				SWIFT_ACTIVE_COMPILATION_CONDITIONS = DEBUG;
				SWIFT_OPTIMIZATION_LEVEL = "-Onone";
			};
			name = Debug;
		};
		08CDF3C8244476160015732A /* Release */ = {
			isa = XCBuildConfiguration;
			buildSettings = {
				ALWAYS_SEARCH_USER_PATHS = NO;
				CLANG_ANALYZER_NONNULL = YES;
				CLANG_ANALYZER_NUMBER_OBJECT_CONVERSION = YES_AGGRESSIVE;
				CLANG_CXX_LANGUAGE_STANDARD = "gnu++14";
				CLANG_CXX_LIBRARY = "libc++";
				CLANG_ENABLE_MODULES = YES;
				CLANG_ENABLE_OBJC_ARC = YES;
				CLANG_ENABLE_OBJC_WEAK = YES;
				CLANG_WARN_BLOCK_CAPTURE_AUTORELEASING = YES;
				CLANG_WARN_BOOL_CONVERSION = YES;
				CLANG_WARN_COMMA = YES;
				CLANG_WARN_CONSTANT_CONVERSION = YES;
				CLANG_WARN_DEPRECATED_OBJC_IMPLEMENTATIONS = YES;
				CLANG_WARN_DIRECT_OBJC_ISA_USAGE = YES_ERROR;
				CLANG_WARN_DOCUMENTATION_COMMENTS = YES;
				CLANG_WARN_EMPTY_BODY = YES;
				CLANG_WARN_ENUM_CONVERSION = YES;
				CLANG_WARN_INFINITE_RECURSION = YES;
				CLANG_WARN_INT_CONVERSION = YES;
				CLANG_WARN_NON_LITERAL_NULL_CONVERSION = YES;
				CLANG_WARN_OBJC_IMPLICIT_RETAIN_SELF = YES;
				CLANG_WARN_OBJC_LITERAL_CONVERSION = YES;
				CLANG_WARN_OBJC_ROOT_CLASS = YES_ERROR;
				CLANG_WARN_RANGE_LOOP_ANALYSIS = YES;
				CLANG_WARN_STRICT_PROTOTYPES = YES;
				CLANG_WARN_SUSPICIOUS_MOVE = YES;
				CLANG_WARN_UNGUARDED_AVAILABILITY = YES_AGGRESSIVE;
				CLANG_WARN_UNREACHABLE_CODE = YES;
				CLANG_WARN__DUPLICATE_METHOD_MATCH = YES;
				COPY_PHASE_STRIP = NO;
				DEBUG_INFORMATION_FORMAT = "dwarf-with-dsym";
				ENABLE_NS_ASSERTIONS = NO;
				ENABLE_STRICT_OBJC_MSGSEND = YES;
				GCC_C_LANGUAGE_STANDARD = gnu11;
				GCC_NO_COMMON_BLOCKS = YES;
				GCC_WARN_64_TO_32_BIT_CONVERSION = YES;
				GCC_WARN_ABOUT_RETURN_TYPE = YES_ERROR;
				GCC_WARN_UNDECLARED_SELECTOR = YES;
				GCC_WARN_UNINITIALIZED_AUTOS = YES_AGGRESSIVE;
				GCC_WARN_UNUSED_FUNCTION = YES;
				GCC_WARN_UNUSED_VARIABLE = YES;
				MACOSX_DEPLOYMENT_TARGET = 10.12.2;
				MTL_ENABLE_DEBUG_INFO = NO;
				MTL_FAST_MATH = YES;
				SDKROOT = macosx;
				SWIFT_COMPILATION_MODE = wholemodule;
				SWIFT_OPTIMIZATION_LEVEL = "-O";
			};
			name = Release;
		};
		08CDF3CA244476160015732A /* Debug */ = {
			isa = XCBuildConfiguration;
			buildSettings = {
				CODE_SIGN_ENTITLEMENTS = "SessionBuddy Extension/SessionBuddy_Extension.entitlements";
				CODE_SIGN_STYLE = Automatic;
				DEVELOPMENT_TEAM = W777S7V8TN;
				ENABLE_HARDENED_RUNTIME = YES;
				INFOPLIST_FILE = "SessionBuddy Extension/Info.plist";
				LD_RUNPATH_SEARCH_PATHS = (
					"$(inherited)",
					"@executable_path/../Frameworks",
					"@executable_path/../../../../Frameworks",
				);
				PRODUCT_BUNDLE_IDENTIFIER = foundation.dwarves.sessionbuddy.sfextension;
				PRODUCT_NAME = "$(TARGET_NAME)";
				SKIP_INSTALL = YES;
				SWIFT_VERSION = 5.0;
			};
			name = Debug;
		};
		08CDF3CB244476160015732A /* Release */ = {
			isa = XCBuildConfiguration;
			buildSettings = {
				CODE_SIGN_ENTITLEMENTS = "SessionBuddy Extension/SessionBuddy_Extension.entitlements";
				CODE_SIGN_STYLE = Automatic;
				DEVELOPMENT_TEAM = W777S7V8TN;
				ENABLE_HARDENED_RUNTIME = YES;
				INFOPLIST_FILE = "SessionBuddy Extension/Info.plist";
				LD_RUNPATH_SEARCH_PATHS = (
					"$(inherited)",
					"@executable_path/../Frameworks",
					"@executable_path/../../../../Frameworks",
				);
				PRODUCT_BUNDLE_IDENTIFIER = foundation.dwarves.sessionbuddy.sfextension;
				PRODUCT_NAME = "$(TARGET_NAME)";
				SKIP_INSTALL = YES;
				SWIFT_VERSION = 5.0;
			};
			name = Release;
		};
		08CDF3CE244476160015732A /* Debug */ = {
			isa = XCBuildConfiguration;
			buildSettings = {
				ALWAYS_EMBED_SWIFT_STANDARD_LIBRARIES = YES;
				ASSETCATALOG_COMPILER_APPICON_NAME = AppIcon;
				CODE_SIGN_ENTITLEMENTS = SessionBuddy/SessionBuddy.entitlements;
				CODE_SIGN_STYLE = Automatic;
				COMBINE_HIDPI_IMAGES = YES;
				CURRENT_PROJECT_VERSION = 2;
				DEVELOPMENT_TEAM = W777S7V8TN;
				ENABLE_HARDENED_RUNTIME = YES;
				INFOPLIST_FILE = SessionBuddy/Info.plist;
				LD_RUNPATH_SEARCH_PATHS = (
					"$(inherited)",
					"@executable_path/../Frameworks",
				);
				PRODUCT_BUNDLE_IDENTIFIER = foundation.dwarves.sessionbuddy;
				PRODUCT_NAME = "$(TARGET_NAME)";
				SWIFT_VERSION = 5.0;
			};
			name = Debug;
		};
		08CDF3CF244476160015732A /* Release */ = {
			isa = XCBuildConfiguration;
			buildSettings = {
				ALWAYS_EMBED_SWIFT_STANDARD_LIBRARIES = YES;
				ASSETCATALOG_COMPILER_APPICON_NAME = AppIcon;
				CODE_SIGN_ENTITLEMENTS = SessionBuddy/SessionBuddy.entitlements;
				CODE_SIGN_STYLE = Automatic;
				COMBINE_HIDPI_IMAGES = YES;
				CURRENT_PROJECT_VERSION = 2;
				DEVELOPMENT_TEAM = W777S7V8TN;
				ENABLE_HARDENED_RUNTIME = YES;
				INFOPLIST_FILE = SessionBuddy/Info.plist;
				LD_RUNPATH_SEARCH_PATHS = (
					"$(inherited)",
					"@executable_path/../Frameworks",
				);
				PRODUCT_BUNDLE_IDENTIFIER = foundation.dwarves.sessionbuddy;
				PRODUCT_NAME = "$(TARGET_NAME)";
				SWIFT_VERSION = 5.0;
			};
			name = Release;
		};
/* End XCBuildConfiguration section */

/* Begin XCConfigurationList section */
		08CDF39A244476140015732A /* Build configuration list for PBXProject "SessionBuddy" */ = {
			isa = XCConfigurationList;
			buildConfigurations = (
				08CDF3C7244476160015732A /* Debug */,
				08CDF3C8244476160015732A /* Release */,
			);
			defaultConfigurationIsVisible = 0;
			defaultConfigurationName = Release;
		};
		08CDF3C9244476160015732A /* Build configuration list for PBXNativeTarget "Session Buddy Extension" */ = {
			isa = XCConfigurationList;
			buildConfigurations = (
				08CDF3CA244476160015732A /* Debug */,
				08CDF3CB244476160015732A /* Release */,
			);
			defaultConfigurationIsVisible = 0;
			defaultConfigurationName = Release;
		};
		08CDF3CD244476160015732A /* Build configuration list for PBXNativeTarget "Session Buddy" */ = {
			isa = XCConfigurationList;
			buildConfigurations = (
				08CDF3CE244476160015732A /* Debug */,
				08CDF3CF244476160015732A /* Release */,
			);
			defaultConfigurationIsVisible = 0;
			defaultConfigurationName = Release;
		};
/* End XCConfigurationList section */
	};
	rootObject = 08CDF397244476140015732A /* Project object */;
}
