// !$*UTF8*$!
{
	archiveVersion = 1;
	classes = {
	};
	objectVersion = 50;
	objects = {

/* Begin PBXBuildFile section */
		08CDF3A3244476140015732A /* SessionRestore.entitlements in Resources */ = {isa = PBXBuildFile; fileRef = 08CDF3A2244476140015732A /* SessionRestore.entitlements */; };
		08CDF3A5244476140015732A /* AppDelegate.swift in Sources */ = {isa = PBXBuildFile; fileRef = 08CDF3A4244476140015732A /* AppDelegate.swift */; };
		08CDF3A8244476140015732A /* Main.storyboard in Resources */ = {isa = PBXBuildFile; fileRef = 08CDF3A6244476140015732A /* Main.storyboard */; };
		08CDF3AA244476140015732A /* ViewController.swift in Sources */ = {isa = PBXBuildFile; fileRef = 08CDF3A9244476140015732A /* ViewController.swift */; };
		08CDF3AC244476160015732A /* Assets.xcassets in Resources */ = {isa = PBXBuildFile; fileRef = 08CDF3AB244476160015732A /* Assets.xcassets */; };
		08CDF3B3244476160015732A /* SessionRestore Extension.appex in Embed App Extensions */ = {isa = PBXBuildFile; fileRef = 08CDF3B2244476160015732A /* SessionRestore Extension.appex */; settings = {ATTRIBUTES = (RemoveHeadersOnCopy, ); }; };
		08CDF3B8244476160015732A /* Cocoa.framework in Frameworks */ = {isa = PBXBuildFile; fileRef = 08CDF3B7244476160015732A /* Cocoa.framework */; };
		08CDF3BB244476160015732A /* SafariExtensionHandler.swift in Sources */ = {isa = PBXBuildFile; fileRef = 08CDF3BA244476160015732A /* SafariExtensionHandler.swift */; };
		08CDF3BD244476160015732A /* SafariExtensionViewController.swift in Sources */ = {isa = PBXBuildFile; fileRef = 08CDF3BC244476160015732A /* SafariExtensionViewController.swift */; };
		08CDF3C0244476160015732A /* SafariExtensionViewController.xib in Resources */ = {isa = PBXBuildFile; fileRef = 08CDF3BE244476160015732A /* SafariExtensionViewController.xib */; };
		08CDF3C3244476160015732A /* script.js in Resources */ = {isa = PBXBuildFile; fileRef = 08CDF3C2244476160015732A /* script.js */; };
		08CDF3C5244476160015732A /* ToolbarItemIcon.pdf in Resources */ = {isa = PBXBuildFile; fileRef = 08CDF3C4244476160015732A /* ToolbarItemIcon.pdf */; };
/* End PBXBuildFile section */

/* Begin PBXContainerItemProxy section */
		08CDF3B4244476160015732A /* PBXContainerItemProxy */ = {
			isa = PBXContainerItemProxy;
			containerPortal = 08CDF397244476140015732A /* Project object */;
			proxyType = 1;
			remoteGlobalIDString = 08CDF3B1244476160015732A;
			remoteInfo = "SessionRestore Extension";
		};
/* End PBXContainerItemProxy section */

/* Begin PBXCopyFilesBuildPhase section */
		08CDF3CC244476160015732A /* Embed App Extensions */ = {
			isa = PBXCopyFilesBuildPhase;
			buildActionMask = 2147483647;
			dstPath = "";
			dstSubfolderSpec = 13;
			files = (
				08CDF3B3244476160015732A /* SessionRestore Extension.appex in Embed App Extensions */,
			);
			name = "Embed App Extensions";
			runOnlyForDeploymentPostprocessing = 0;
		};
/* End PBXCopyFilesBuildPhase section */

/* Begin PBXFileReference section */
		08CDF39F244476140015732A /* SessionRestore.app */ = {isa = PBXFileReference; explicitFileType = wrapper.application; includeInIndex = 0; path = SessionRestore.app; sourceTree = BUILT_PRODUCTS_DIR; };
		08CDF3A2244476140015732A /* SessionRestore.entitlements */ = {isa = PBXFileReference; lastKnownFileType = text.plist.entitlements; path = SessionRestore.entitlements; sourceTree = "<group>"; };
		08CDF3A4244476140015732A /* AppDelegate.swift */ = {isa = PBXFileReference; lastKnownFileType = sourcecode.swift; path = AppDelegate.swift; sourceTree = "<group>"; };
		08CDF3A7244476140015732A /* Base */ = {isa = PBXFileReference; lastKnownFileType = file.storyboard; name = Base; path = Base.lproj/Main.storyboard; sourceTree = "<group>"; };
		08CDF3A9244476140015732A /* ViewController.swift */ = {isa = PBXFileReference; lastKnownFileType = sourcecode.swift; path = ViewController.swift; sourceTree = "<group>"; };
		08CDF3AB244476160015732A /* Assets.xcassets */ = {isa = PBXFileReference; lastKnownFileType = folder.assetcatalog; path = Assets.xcassets; sourceTree = "<group>"; };
		08CDF3AD244476160015732A /* Info.plist */ = {isa = PBXFileReference; lastKnownFileType = text.plist.xml; path = Info.plist; sourceTree = "<group>"; };
		08CDF3B2244476160015732A /* SessionRestore Extension.appex */ = {isa = PBXFileReference; explicitFileType = "wrapper.app-extension"; includeInIndex = 0; path = "SessionRestore Extension.appex"; sourceTree = BUILT_PRODUCTS_DIR; };
		08CDF3B7244476160015732A /* Cocoa.framework */ = {isa = PBXFileReference; lastKnownFileType = wrapper.framework; name = Cocoa.framework; path = System/Library/Frameworks/Cocoa.framework; sourceTree = SDKROOT; };
		08CDF3BA244476160015732A /* SafariExtensionHandler.swift */ = {isa = PBXFileReference; lastKnownFileType = sourcecode.swift; path = SafariExtensionHandler.swift; sourceTree = "<group>"; };
		08CDF3BC244476160015732A /* SafariExtensionViewController.swift */ = {isa = PBXFileReference; lastKnownFileType = sourcecode.swift; path = SafariExtensionViewController.swift; sourceTree = "<group>"; };
		08CDF3BF244476160015732A /* Base */ = {isa = PBXFileReference; lastKnownFileType = file.xib; name = Base; path = Base.lproj/SafariExtensionViewController.xib; sourceTree = "<group>"; };
		08CDF3C1244476160015732A /* Info.plist */ = {isa = PBXFileReference; lastKnownFileType = text.plist.xml; path = Info.plist; sourceTree = "<group>"; };
		08CDF3C2244476160015732A /* script.js */ = {isa = PBXFileReference; lastKnownFileType = sourcecode.javascript; path = script.js; sourceTree = "<group>"; };
		08CDF3C4244476160015732A /* ToolbarItemIcon.pdf */ = {isa = PBXFileReference; lastKnownFileType = image.pdf; path = ToolbarItemIcon.pdf; sourceTree = "<group>"; };
		08CDF3C6244476160015732A /* SessionRestore_Extension.entitlements */ = {isa = PBXFileReference; lastKnownFileType = text.plist.entitlements; path = SessionRestore_Extension.entitlements; sourceTree = "<group>"; };
/* End PBXFileReference section */

/* Begin PBXFrameworksBuildPhase section */
		08CDF39C244476140015732A /* Frameworks */ = {
			isa = PBXFrameworksBuildPhase;
			buildActionMask = 2147483647;
			files = (
			);
			runOnlyForDeploymentPostprocessing = 0;
		};
		08CDF3AF244476160015732A /* Frameworks */ = {
			isa = PBXFrameworksBuildPhase;
			buildActionMask = 2147483647;
			files = (
				08CDF3B8244476160015732A /* Cocoa.framework in Frameworks */,
			);
			runOnlyForDeploymentPostprocessing = 0;
		};
/* End PBXFrameworksBuildPhase section */

/* Begin PBXGroup section */
		08CDF396244476140015732A = {
			isa = PBXGroup;
			children = (
				08CDF3A1244476140015732A /* SessionRestore */,
				08CDF3B9244476160015732A /* SessionRestore Extension */,
				08CDF3B6244476160015732A /* Frameworks */,
				08CDF3A0244476140015732A /* Products */,
			);
			sourceTree = "<group>";
		};
		08CDF3A0244476140015732A /* Products */ = {
			isa = PBXGroup;
			children = (
				08CDF39F244476140015732A /* SessionRestore.app */,
				08CDF3B2244476160015732A /* SessionRestore Extension.appex */,
			);
			name = Products;
			sourceTree = "<group>";
		};
		08CDF3A1244476140015732A /* SessionRestore */ = {
			isa = PBXGroup;
			children = (
				08CDF3A2244476140015732A /* SessionRestore.entitlements */,
				08CDF3A4244476140015732A /* AppDelegate.swift */,
				08CDF3A6244476140015732A /* Main.storyboard */,
				08CDF3A9244476140015732A /* ViewController.swift */,
				08CDF3AB244476160015732A /* Assets.xcassets */,
				08CDF3AD244476160015732A /* Info.plist */,
			);
			path = SessionRestore;
			sourceTree = "<group>";
		};
		08CDF3B6244476160015732A /* Frameworks */ = {
			isa = PBXGroup;
			children = (
				08CDF3B7244476160015732A /* Cocoa.framework */,
			);
			name = Frameworks;
			sourceTree = "<group>";
		};
		08CDF3B9244476160015732A /* SessionRestore Extension */ = {
			isa = PBXGroup;
			children = (
				08CDF3BA244476160015732A /* SafariExtensionHandler.swift */,
				08CDF3BC244476160015732A /* SafariExtensionViewController.swift */,
				08CDF3BE244476160015732A /* SafariExtensionViewController.xib */,
				08CDF3C1244476160015732A /* Info.plist */,
				08CDF3C2244476160015732A /* script.js */,
				08CDF3C4244476160015732A /* ToolbarItemIcon.pdf */,
				08CDF3C6244476160015732A /* SessionRestore_Extension.entitlements */,
			);
			path = "SessionRestore Extension";
			sourceTree = "<group>";
		};
/* End PBXGroup section */

/* Begin PBXNativeTarget section */
		08CDF39E244476140015732A /* SessionRestore */ = {
			isa = PBXNativeTarget;
			buildConfigurationList = 08CDF3CD244476160015732A /* Build configuration list for PBXNativeTarget "SessionRestore" */;
			buildPhases = (
				08CDF39B244476140015732A /* Sources */,
				08CDF39C244476140015732A /* Frameworks */,
				08CDF39D244476140015732A /* Resources */,
				08CDF3CC244476160015732A /* Embed App Extensions */,
			);
			buildRules = (
			);
			dependencies = (
				08CDF3B5244476160015732A /* PBXTargetDependency */,
			);
			name = SessionRestore;
			productName = SessionRestore;
			productReference = 08CDF39F244476140015732A /* SessionRestore.app */;
			productType = "com.apple.product-type.application";
		};
		08CDF3B1244476160015732A /* SessionRestore Extension */ = {
			isa = PBXNativeTarget;
			buildConfigurationList = 08CDF3C9244476160015732A /* Build configuration list for PBXNativeTarget "SessionRestore Extension" */;
			buildPhases = (
				08CDF3AE244476160015732A /* Sources */,
				08CDF3AF244476160015732A /* Frameworks */,
				08CDF3B0244476160015732A /* Resources */,
			);
			buildRules = (
			);
			dependencies = (
			);
			name = "SessionRestore Extension";
			productName = "SessionRestore Extension";
			productReference = 08CDF3B2244476160015732A /* SessionRestore Extension.appex */;
			productType = "com.apple.product-type.app-extension";
		};
/* End PBXNativeTarget section */

/* Begin PBXProject section */
		08CDF397244476140015732A /* Project object */ = {
			isa = PBXProject;
			attributes = {
				LastSwiftUpdateCheck = 1140;
				LastUpgradeCheck = 1140;
				ORGANIZATIONNAME = "Dwarves Foundation";
				TargetAttributes = {
					08CDF39E244476140015732A = {
						CreatedOnToolsVersion = 11.4;
					};
					08CDF3B1244476160015732A = {
						CreatedOnToolsVersion = 11.4;
					};
				};
			};
			buildConfigurationList = 08CDF39A244476140015732A /* Build configuration list for PBXProject "SessionRestore" */;
			compatibilityVersion = "Xcode 9.3";
			developmentRegion = en;
			hasScannedForEncodings = 0;
			knownRegions = (
				en,
				Base,
			);
			mainGroup = 08CDF396244476140015732A;
			productRefGroup = 08CDF3A0244476140015732A /* Products */;
			projectDirPath = "";
			projectRoot = "";
			targets = (
				08CDF39E244476140015732A /* SessionRestore */,
				08CDF3B1244476160015732A /* SessionRestore Extension */,
			);
		};
/* End PBXProject section */

/* Begin PBXResourcesBuildPhase section */
		08CDF39D244476140015732A /* Resources */ = {
			isa = PBXResourcesBuildPhase;
			buildActionMask = 2147483647;
			files = (
				08CDF3A3244476140015732A /* SessionRestore.entitlements in Resources */,
				08CDF3AC244476160015732A /* Assets.xcassets in Resources */,
				08CDF3A8244476140015732A /* Main.storyboard in Resources */,
			);
			runOnlyForDeploymentPostprocessing = 0;
		};
		08CDF3B0244476160015732A /* Resources */ = {
			isa = PBXResourcesBuildPhase;
			buildActionMask = 2147483647;
			files = (
				08CDF3C5244476160015732A /* ToolbarItemIcon.pdf in Resources */,
				08CDF3C0244476160015732A /* SafariExtensionViewController.xib in Resources */,
				08CDF3C3244476160015732A /* script.js in Resources */,
			);
			runOnlyForDeploymentPostprocessing = 0;
		};
/* End PBXResourcesBuildPhase section */

/* Begin PBXSourcesBuildPhase section */
		08CDF39B244476140015732A /* Sources */ = {
			isa = PBXSourcesBuildPhase;
			buildActionMask = 2147483647;
			files = (
				08CDF3AA244476140015732A /* ViewController.swift in Sources */,
				08CDF3A5244476140015732A /* AppDelegate.swift in Sources */,
			);
			runOnlyForDeploymentPostprocessing = 0;
		};
		08CDF3AE244476160015732A /* Sources */ = {
			isa = PBXSourcesBuildPhase;
			buildActionMask = 2147483647;
			files = (
				08CDF3BD244476160015732A /* SafariExtensionViewController.swift in Sources */,
				08CDF3BB244476160015732A /* SafariExtensionHandler.swift in Sources */,
			);
			runOnlyForDeploymentPostprocessing = 0;
		};
/* End PBXSourcesBuildPhase section */

/* Begin PBXTargetDependency section */
		08CDF3B5244476160015732A /* PBXTargetDependency */ = {
			isa = PBXTargetDependency;
			target = 08CDF3B1244476160015732A /* SessionRestore Extension */;
			targetProxy = 08CDF3B4244476160015732A /* PBXContainerItemProxy */;
		};
/* End PBXTargetDependency section */

/* Begin PBXVariantGroup section */
		08CDF3A6244476140015732A /* Main.storyboard */ = {
			isa = PBXVariantGroup;
			children = (
				08CDF3A7244476140015732A /* Base */,
			);
			name = Main.storyboard;
			sourceTree = "<group>";
		};
		08CDF3BE244476160015732A /* SafariExtensionViewController.xib */ = {
			isa = PBXVariantGroup;
			children = (
				08CDF3BF244476160015732A /* Base */,
			);
			name = SafariExtensionViewController.xib;
			sourceTree = "<group>";
		};
/* End PBXVariantGroup section */

/* Begin XCBuildConfiguration section */
		08CDF3C7244476160015732A /* Debug */ = {
			isa = XCBuildConfiguration;
			buildSettings = {
				ALWAYS_SEARCH_USER_PATHS = NO;
				CLANG_ANALYZER_NONNULL = YES;
				CLANG_ANALYZER_NUMBER_OBJECT_CONVERSION = YES_AGGRESSIVE;
				CLANG_CXX_LANGUAGE_STANDARD = "gnu++14";
				CLANG_CXX_LIBRARY = "libc++";
				CLANG_ENABLE_MODULES = YES;
				CLANG_ENABLE_OBJC_ARC = YES;
				CLANG_ENABLE_OBJC_WEAK = YES;
				CLANG_WARN_BLOCK_CAPTURE_AUTORELEASING = YES;
				CLANG_WARN_BOOL_CONVERSION = YES;
				CLANG_WARN_COMMA = YES;
				CLANG_WARN_CONSTANT_CONVERSION = YES;
				CLANG_WARN_DEPRECATED_OBJC_IMPLEMENTATIONS = YES;
				CLANG_WARN_DIRECT_OBJC_ISA_USAGE = YES_ERROR;
				CLANG_WARN_DOCUMENTATION_COMMENTS = YES;
				CLANG_WARN_EMPTY_BODY = YES;
				CLANG_WARN_ENUM_CONVERSION = YES;
				CLANG_WARN_INFINITE_RECURSION = YES;
				CLANG_WARN_INT_CONVERSION = YES;
				CLANG_WARN_NON_LITERAL_NULL_CONVERSION = YES;
				CLANG_WARN_OBJC_IMPLICIT_RETAIN_SELF = YES;
				CLANG_WARN_OBJC_LITERAL_CONVERSION = YES;
				CLANG_WARN_OBJC_ROOT_CLASS = YES_ERROR;
				CLANG_WARN_RANGE_LOOP_ANALYSIS = YES;
				CLANG_WARN_STRICT_PROTOTYPES = YES;
				CLANG_WARN_SUSPICIOUS_MOVE = YES;
				CLANG_WARN_UNGUARDED_AVAILABILITY = YES_AGGRESSIVE;
				CLANG_WARN_UNREACHABLE_CODE = YES;
				CLANG_WARN__DUPLICATE_METHOD_MATCH = YES;
				COPY_PHASE_STRIP = NO;
				DEBUG_INFORMATION_FORMAT = dwarf;
				ENABLE_STRICT_OBJC_MSGSEND = YES;
				ENABLE_TESTABILITY = YES;
				GCC_C_LANGUAGE_STANDARD = gnu11;
				GCC_DYNAMIC_NO_PIC = NO;
				GCC_NO_COMMON_BLOCKS = YES;
				GCC_OPTIMIZATION_LEVEL = 0;
				GCC_PREPROCESSOR_DEFINITIONS = (
					"DEBUG=1",
					"$(inherited)",
				);
				GCC_WARN_64_TO_32_BIT_CONVERSION = YES;
				GCC_WARN_ABOUT_RETURN_TYPE = YES_ERROR;
				GCC_WARN_UNDECLARED_SELECTOR = YES;
				GCC_WARN_UNINITIALIZED_AUTOS = YES_AGGRESSIVE;
				GCC_WARN_UNUSED_FUNCTION = YES;
				GCC_WARN_UNUSED_VARIABLE = YES;
				MACOSX_DEPLOYMENT_TARGET = 10.15;
				MTL_ENABLE_DEBUG_INFO = INCLUDE_SOURCE;
				MTL_FAST_MATH = YES;
				ONLY_ACTIVE_ARCH = YES;
				SDKROOT = macosx;
				SWIFT_ACTIVE_COMPILATION_CONDITIONS = DEBUG;
				SWIFT_OPTIMIZATION_LEVEL = "-Onone";
			};
			name = Debug;
		};
		08CDF3C8244476160015732A /* Release */ = {
			isa = XCBuildConfiguration;
			buildSettings = {
				ALWAYS_SEARCH_USER_PATHS = NO;
				CLANG_ANALYZER_NONNULL = YES;
				CLANG_ANALYZER_NUMBER_OBJECT_CONVERSION = YES_AGGRESSIVE;
				CLANG_CXX_LANGUAGE_STANDARD = "gnu++14";
				CLANG_CXX_LIBRARY = "libc++";
				CLANG_ENABLE_MODULES = YES;
				CLANG_ENABLE_OBJC_ARC = YES;
				CLANG_ENABLE_OBJC_WEAK = YES;
				CLANG_WARN_BLOCK_CAPTURE_AUTORELEASING = YES;
				CLANG_WARN_BOOL_CONVERSION = YES;
				CLANG_WARN_COMMA = YES;
				CLANG_WARN_CONSTANT_CONVERSION = YES;
				CLANG_WARN_DEPRECATED_OBJC_IMPLEMENTATIONS = YES;
				CLANG_WARN_DIRECT_OBJC_ISA_USAGE = YES_ERROR;
				CLANG_WARN_DOCUMENTATION_COMMENTS = YES;
				CLANG_WARN_EMPTY_BODY = YES;
				CLANG_WARN_ENUM_CONVERSION = YES;
				CLANG_WARN_INFINITE_RECURSION = YES;
				CLANG_WARN_INT_CONVERSION = YES;
				CLANG_WARN_NON_LITERAL_NULL_CONVERSION = YES;
				CLANG_WARN_OBJC_IMPLICIT_RETAIN_SELF = YES;
				CLANG_WARN_OBJC_LITERAL_CONVERSION = YES;
				CLANG_WARN_OBJC_ROOT_CLASS = YES_ERROR;
				CLANG_WARN_RANGE_LOOP_ANALYSIS = YES;
				CLANG_WARN_STRICT_PROTOTYPES = YES;
				CLANG_WARN_SUSPICIOUS_MOVE = YES;
				CLANG_WARN_UNGUARDED_AVAILABILITY = YES_AGGRESSIVE;
				CLANG_WARN_UNREACHABLE_CODE = YES;
				CLANG_WARN__DUPLICATE_METHOD_MATCH = YES;
				COPY_PHASE_STRIP = NO;
				DEBUG_INFORMATION_FORMAT = "dwarf-with-dsym";
				ENABLE_NS_ASSERTIONS = NO;
				ENABLE_STRICT_OBJC_MSGSEND = YES;
				GCC_C_LANGUAGE_STANDARD = gnu11;
				GCC_NO_COMMON_BLOCKS = YES;
				GCC_WARN_64_TO_32_BIT_CONVERSION = YES;
				GCC_WARN_ABOUT_RETURN_TYPE = YES_ERROR;
				GCC_WARN_UNDECLARED_SELECTOR = YES;
				GCC_WARN_UNINITIALIZED_AUTOS = YES_AGGRESSIVE;
				GCC_WARN_UNUSED_FUNCTION = YES;
				GCC_WARN_UNUSED_VARIABLE = YES;
				MACOSX_DEPLOYMENT_TARGET = 10.15;
				MTL_ENABLE_DEBUG_INFO = NO;
				MTL_FAST_MATH = YES;
				SDKROOT = macosx;
				SWIFT_COMPILATION_MODE = wholemodule;
				SWIFT_OPTIMIZATION_LEVEL = "-O";
			};
			name = Release;
		};
		08CDF3CA244476160015732A /* Debug */ = {
			isa = XCBuildConfiguration;
			buildSettings = {
				CODE_SIGN_ENTITLEMENTS = "SessionRestore Extension/SessionRestore_Extension.entitlements";
				CODE_SIGN_STYLE = Automatic;
				DEVELOPMENT_TEAM = W777S7V8TN;
				ENABLE_HARDENED_RUNTIME = YES;
				INFOPLIST_FILE = "SessionRestore Extension/Info.plist";
				LD_RUNPATH_SEARCH_PATHS = (
					"$(inherited)",
					"@executable_path/../Frameworks",
					"@executable_path/../../../../Frameworks",
				);
				PRODUCT_BUNDLE_IDENTIFIER = "foundation.dwarves.SessionRestore-Extension";
				PRODUCT_NAME = "$(TARGET_NAME)";
				SKIP_INSTALL = YES;
				SWIFT_VERSION = 5.0;
			};
			name = Debug;
		};
		08CDF3CB244476160015732A /* Release */ = {
			isa = XCBuildConfiguration;
			buildSettings = {
				CODE_SIGN_ENTITLEMENTS = "SessionRestore Extension/SessionRestore_Extension.entitlements";
				CODE_SIGN_STYLE = Automatic;
				DEVELOPMENT_TEAM = W777S7V8TN;
				ENABLE_HARDENED_RUNTIME = YES;
				INFOPLIST_FILE = "SessionRestore Extension/Info.plist";
				LD_RUNPATH_SEARCH_PATHS = (
					"$(inherited)",
					"@executable_path/../Frameworks",
					"@executable_path/../../../../Frameworks",
				);
				PRODUCT_BUNDLE_IDENTIFIER = "foundation.dwarves.SessionRestore-Extension";
				PRODUCT_NAME = "$(TARGET_NAME)";
				SKIP_INSTALL = YES;
				SWIFT_VERSION = 5.0;
			};
			name = Release;
		};
		08CDF3CE244476160015732A /* Debug */ = {
			isa = XCBuildConfiguration;
			buildSettings = {
				ALWAYS_EMBED_SWIFT_STANDARD_LIBRARIES = YES;
				ASSETCATALOG_COMPILER_APPICON_NAME = AppIcon;
				CODE_SIGN_ENTITLEMENTS = SessionRestore/SessionRestore.entitlements;
				CODE_SIGN_STYLE = Automatic;
				COMBINE_HIDPI_IMAGES = YES;
				DEVELOPMENT_TEAM = W777S7V8TN;
				ENABLE_HARDENED_RUNTIME = YES;
				INFOPLIST_FILE = SessionRestore/Info.plist;
				LD_RUNPATH_SEARCH_PATHS = (
					"$(inherited)",
					"@executable_path/../Frameworks",
				);
				PRODUCT_BUNDLE_IDENTIFIER = foundation.dwarves.SessionRestore;
				PRODUCT_NAME = "$(TARGET_NAME)";
				SWIFT_VERSION = 5.0;
			};
			name = Debug;
		};
		08CDF3CF244476160015732A /* Release */ = {
			isa = XCBuildConfiguration;
			buildSettings = {
				ALWAYS_EMBED_SWIFT_STANDARD_LIBRARIES = YES;
				ASSETCATALOG_COMPILER_APPICON_NAME = AppIcon;
				CODE_SIGN_ENTITLEMENTS = SessionRestore/SessionRestore.entitlements;
				CODE_SIGN_STYLE = Automatic;
				COMBINE_HIDPI_IMAGES = YES;
				DEVELOPMENT_TEAM = W777S7V8TN;
				ENABLE_HARDENED_RUNTIME = YES;
				INFOPLIST_FILE = SessionRestore/Info.plist;
				LD_RUNPATH_SEARCH_PATHS = (
					"$(inherited)",
					"@executable_path/../Frameworks",
				);
				PRODUCT_BUNDLE_IDENTIFIER = foundation.dwarves.SessionRestore;
				PRODUCT_NAME = "$(TARGET_NAME)";
				SWIFT_VERSION = 5.0;
			};
			name = Release;
		};
/* End XCBuildConfiguration section */

/* Begin XCConfigurationList section */
		08CDF39A244476140015732A /* Build configuration list for PBXProject "SessionRestore" */ = {
			isa = XCConfigurationList;
			buildConfigurations = (
				08CDF3C7244476160015732A /* Debug */,
				08CDF3C8244476160015732A /* Release */,
			);
			defaultConfigurationIsVisible = 0;
			defaultConfigurationName = Release;
		};
		08CDF3C9244476160015732A /* Build configuration list for PBXNativeTarget "SessionRestore Extension" */ = {
			isa = XCConfigurationList;
			buildConfigurations = (
				08CDF3CA244476160015732A /* Debug */,
				08CDF3CB244476160015732A /* Release */,
			);
			defaultConfigurationIsVisible = 0;
			defaultConfigurationName = Release;
		};
		08CDF3CD244476160015732A /* Build configuration list for PBXNativeTarget "SessionRestore" */ = {
			isa = XCConfigurationList;
			buildConfigurations = (
				08CDF3CE244476160015732A /* Debug */,
				08CDF3CF244476160015732A /* Release */,
			);
			defaultConfigurationIsVisible = 0;
			defaultConfigurationName = Release;
		};
/* End XCConfigurationList section */
	};
	rootObject = 08CDF397244476140015732A /* Project object */;
}
